
Microsoft Visual Studio Solution File, Format Version 12.00
# Visual Studio 15
VisualStudioVersion = 15.0.28307.1145
MinimumVisualStudioVersion = 10.0.40219.1
Project("{FAE04EC0-301F-11D3-BF4B-00C04F79EFBC}") = "Lab3", "Lab3.csproj", "{5AE4E483-0364-41C0-B756-265E971A0EF3}"
EndProject
Project("{FAE04EC0-301F-11D3-BF4B-00C04F79EFBC}") = "DynamicRuntime", "DynamicRuntime\DynamicRuntime.csproj", "{B4CB0CF6-E9C0-473C-9730-6B901ADF1214}"
EndProject
Project("{2150E333-8FDC-42A3-9474-1A3956D46DE8}") = "Solution Items", "Solution Items", "{F6DF0027-F1D7-4949-9C7F-77547E0B44C3}"
	ProjectSection(SolutionItems) = preProject
		.editorconfig = .editorconfig
		.gitignore = .gitignore
	EndProjectSection
EndProject
Global
	GlobalSection(SolutionConfigurationPlatforms) = preSolution
		Debug|Any CPU = Debug|Any CPU
		Release|Any CPU = Release|Any CPU
	EndGlobalSection
	GlobalSection(ProjectConfigurationPlatforms) = postSolution
		{5AE4E483-0364-41C0-B756-265E971A0EF3}.Debug|Any CPU.ActiveCfg = Debug|Any CPU
		{5AE4E483-0364-41C0-B756-265E971A0EF3}.Debug|Any CPU.Build.0 = Debug|Any CPU
		{5AE4E483-0364-41C0-B756-265E971A0EF3}.Release|Any CPU.ActiveCfg = Release|Any CPU
		{5AE4E483-0364-41C0-B756-265E971A0EF3}.Release|Any CPU.Build.0 = Release|Any CPU
		{B4CB0CF6-E9C0-473C-9730-6B901ADF1214}.Debug|Any CPU.ActiveCfg = Debug|Any CPU
		{B4CB0CF6-E9C0-473C-9730-6B901ADF1214}.Debug|Any CPU.Build.0 = Debug|Any CPU
		{B4CB0CF6-E9C0-473C-9730-6B901ADF1214}.Release|Any CPU.ActiveCfg = Release|Any CPU
		{B4CB0CF6-E9C0-473C-9730-6B901ADF1214}.Release|Any CPU.Build.0 = Release|Any CPU
	EndGlobalSection
	GlobalSection(SolutionProperties) = preSolution
		HideSolutionNode = FALSE
	EndGlobalSection
	GlobalSection(ExtensibilityGlobals) = postSolution
		SolutionGuid = {3B62B2D3-CA0A-4B79-A966-10A65A8F662C}
	EndGlobalSection
EndGlobal
